{
  "name": "aijs3",
  "version": "1.0.0",
  "lockfileVersion": 1,
  "requires": true,
  "dependencies": {
    "@coredao/dummy-scoped-package": {
      "version": "1.0.0",
      "resolved": "https://registry.npmjs.org/@coredao/dummy-scoped-package/-/dummy-scoped-package-1.0.0.tgz",
      "integrity": "sha512-2xA1KfVCF9XckVOxWrLE2KYNawmD5KtByXLtQlnOrN9ZaWxpKKjQQR9cNrODv5JMe/LhXONQ8Sr4gYwDhOFOHA=="
    }
  }
}
